// !$*UTF8*$!
{
	archiveVersion = 1;
	classes = {
	};
	objectVersion = 46;
	objects = {

/* Begin PBXBuildFile section */
		CB5DC9FC1A1582B4004D3949 /* main.cpp in Sources */ = {isa = PBXBuildFile; fileRef = CB5DC9FB1A1582B4004D3949 /* main.cpp */; };
		CB5DCA041A1582F6004D3949 /* QuickFind.cpp in Sources */ = {isa = PBXBuildFile; fileRef = CB5DCA021A1582F6004D3949 /* QuickFind.cpp */; };
		CB5DCA091A159507004D3949 /* QuickUnion.cpp in Sources */ = {isa = PBXBuildFile; fileRef = CB5DCA071A159507004D3949 /* QuickUnion.cpp */; };
		CB5DCA0B1A15BAB7004D3949 /* QuickUnionWeightedTree.cpp in Sources */ = {isa = PBXBuildFile; fileRef = CB5DCA0A1A15BAB7004D3949 /* QuickUnionWeightedTree.cpp */; };
		CB5DCA0D1A15CA5B004D3949 /* QuickUnionWeithedPathCmpression.cpp in Sources */ = {isa = PBXBuildFile; fileRef = CB5DCA0C1A15CA5B004D3949 /* QuickUnionWeithedPathCmpression.cpp */; };
/* End PBXBuildFile section */

/* Begin PBXCopyFilesBuildPhase section */
		CB5DC9F61A1582B4004D3949 /* CopyFiles */ = {
			isa = PBXCopyFilesBuildPhase;
			buildActionMask = 2147483647;
			dstPath = /usr/share/man/man1/;
			dstSubfolderSpec = 0;
			files = (
			);
			runOnlyForDeploymentPostprocessing = 1;
		};
/* End PBXCopyFilesBuildPhase section */

/* Begin PBXFileReference section */
		CB5DC9F81A1582B4004D3949 /* Algorithms */ = {isa = PBXFileReference; explicitFileType = "compiled.mach-o.executable"; includeInIndex = 0; path = Algorithms; sourceTree = BUILT_PRODUCTS_DIR; };
		CB5DC9FB1A1582B4004D3949 /* main.cpp */ = {isa = PBXFileReference; lastKnownFileType = sourcecode.cpp.cpp; path = main.cpp; sourceTree = "<group>"; };
		CB5DCA021A1582F6004D3949 /* QuickFind.cpp */ = {isa = PBXFileReference; fileEncoding = 4; lastKnownFileType = sourcecode.cpp.cpp; path = QuickFind.cpp; sourceTree = "<group>"; };
		CB5DCA061A1592AE004D3949 /* helping.strings */ = {isa = PBXFileReference; fileEncoding = 4; lastKnownFileType = text.plist.strings; path = helping.strings; sourceTree = "<group>"; };
		CB5DCA071A159507004D3949 /* QuickUnion.cpp */ = {isa = PBXFileReference; fileEncoding = 4; lastKnownFileType = sourcecode.cpp.cpp; path = QuickUnion.cpp; sourceTree = "<group>"; };
		CB5DCA0A1A15BAB7004D3949 /* QuickUnionWeightedTree.cpp */ = {isa = PBXFileReference; fileEncoding = 4; lastKnownFileType = sourcecode.cpp.cpp; path = QuickUnionWeightedTree.cpp; sourceTree = "<group>"; };
		CB5DCA0C1A15CA5B004D3949 /* QuickUnionWeithedPathCmpression.cpp */ = {isa = PBXFileReference; fileEncoding = 4; lastKnownFileType = sourcecode.cpp.cpp; path = QuickUnionWeithedPathCmpression.cpp; sourceTree = "<group>"; };
/* End PBXFileReference section */

/* Begin PBXFrameworksBuildPhase section */
		CB5DC9F51A1582B4004D3949 /* Frameworks */ = {
			isa = PBXFrameworksBuildPhase;
			buildActionMask = 2147483647;
			files = (
			);
			runOnlyForDeploymentPostprocessing = 0;
		};
/* End PBXFrameworksBuildPhase section */

/* Begin PBXGroup section */
		CB5DC9EF1A1582B4004D3949 = {
			isa = PBXGroup;
			children = (
				CB5DC9FA1A1582B4004D3949 /* Algorithms */,
				CB5DC9F91A1582B4004D3949 /* Products */,
			);
			sourceTree = "<group>";
		};
		CB5DC9F91A1582B4004D3949 /* Products */ = {
			isa = PBXGroup;
			children = (
				CB5DC9F81A1582B4004D3949 /* Algorithms */,
			);
			name = Products;
			sourceTree = "<group>";
		};
		CB5DC9FA1A1582B4004D3949 /* Algorithms */ = {
			isa = PBXGroup;
			children = (
				CB5DCA051A1582FC004D3949 /* Week1 */,
				CB5DC9FB1A1582B4004D3949 /* main.cpp */,
				CB5DCA061A1592AE004D3949 /* helping.strings */,
			);
			path = Algorithms;
			sourceTree = "<group>";
		};
		CB5DCA051A1582FC004D3949 /* Week1 */ = {
			isa = PBXGroup;
			children = (
				CB5DCA021A1582F6004D3949 /* QuickFind.cpp */,
				CB5DCA071A159507004D3949 /* QuickUnion.cpp */,
				CB5DCA0A1A15BAB7004D3949 /* QuickUnionWeightedTree.cpp */,
				CB5DCA0C1A15CA5B004D3949 /* QuickUnionWeithedPathCmpression.cpp */,
			);
			name = Week1;
			sourceTree = "<group>";
		};
/* End PBXGroup section */

/* Begin PBXNativeTarget section */
		CB5DC9F71A1582B4004D3949 /* Algorithms */ = {
			isa = PBXNativeTarget;
			buildConfigurationList = CB5DC9FF1A1582B4004D3949 /* Build configuration list for PBXNativeTarget "Algorithms" */;
			buildPhases = (
				CB5DC9F41A1582B4004D3949 /* Sources */,
				CB5DC9F51A1582B4004D3949 /* Frameworks */,
				CB5DC9F61A1582B4004D3949 /* CopyFiles */,
			);
			buildRules = (
			);
			dependencies = (
			);
			name = Algorithms;
			productName = Algorithms;
			productReference = CB5DC9F81A1582B4004D3949 /* Algorithms */;
			productType = "com.apple.product-type.tool";
		};
/* End PBXNativeTarget section */

/* Begin PBXProject section */
		CB5DC9F01A1582B4004D3949 /* Project object */ = {
			isa = PBXProject;
			attributes = {
				LastUpgradeCheck = 0610;
				ORGANIZATIONNAME = mo7amedkhairy;
				TargetAttributes = {
					CB5DC9F71A1582B4004D3949 = {
						CreatedOnToolsVersion = 6.1;
					};
				};
			};
			buildConfigurationList = CB5DC9F31A1582B4004D3949 /* Build configuration list for PBXProject "Algorithms" */;
			compatibilityVersion = "Xcode 3.2";
			developmentRegion = English;
			hasScannedForEncodings = 0;
			knownRegions = (
				en,
			);
			mainGroup = CB5DC9EF1A1582B4004D3949;
			productRefGroup = CB5DC9F91A1582B4004D3949 /* Products */;
			projectDirPath = "";
			projectRoot = "";
			targets = (
				CB5DC9F71A1582B4004D3949 /* Algorithms */,
			);
		};
/* End PBXProject section */

/* Begin PBXSourcesBuildPhase section */
		CB5DC9F41A1582B4004D3949 /* Sources */ = {
			isa = PBXSourcesBuildPhase;
			buildActionMask = 2147483647;
			files = (
				CB5DCA0D1A15CA5B004D3949 /* QuickUnionWeithedPathCmpression.cpp in Sources */,
				CB5DCA041A1582F6004D3949 /* QuickFind.cpp in Sources */,
				CB5DC9FC1A1582B4004D3949 /* main.cpp in Sources */,
				CB5DCA0B1A15BAB7004D3949 /* QuickUnionWeightedTree.cpp in Sources */,
				CB5DCA091A159507004D3949 /* QuickUnion.cpp in Sources */,
			);
			runOnlyForDeploymentPostprocessing = 0;
		};
/* End PBXSourcesBuildPhase section */

/* Begin XCBuildConfiguration section */
		CB5DC9FD1A1582B4004D3949 /* Debug */ = {
			isa = XCBuildConfiguration;
			buildSettings = {
				ALWAYS_SEARCH_USER_PATHS = NO;
				CLANG_CXX_LANGUAGE_STANDARD = "gnu++0x";
				CLANG_CXX_LIBRARY = "libc++";
				CLANG_ENABLE_MODULES = YES;
				CLANG_ENABLE_OBJC_ARC = YES;
				CLANG_WARN_BOOL_CONVERSION = YES;
				CLANG_WARN_CONSTANT_CONVERSION = YES;
				CLANG_WARN_DIRECT_OBJC_ISA_USAGE = YES_ERROR;
				CLANG_WARN_EMPTY_BODY = YES;
				CLANG_WARN_ENUM_CONVERSION = YES;
				CLANG_WARN_INT_CONVERSION = YES;
				CLANG_WARN_OBJC_ROOT_CLASS = YES_ERROR;
				CLANG_WARN_UNREACHABLE_CODE = YES;
				CLANG_WARN__DUPLICATE_METHOD_MATCH = YES;
				COPY_PHASE_STRIP = NO;
				ENABLE_STRICT_OBJC_MSGSEND = YES;
				GCC_C_LANGUAGE_STANDARD = gnu99;
				GCC_DYNAMIC_NO_PIC = NO;
				GCC_OPTIMIZATION_LEVEL = 0;
				GCC_PREPROCESSOR_DEFINITIONS = (
					"DEBUG=1",
					"$(inherited)",
				);
				GCC_SYMBOLS_PRIVATE_EXTERN = NO;
				GCC_WARN_64_TO_32_BIT_CONVERSION = YES;
				GCC_WARN_ABOUT_RETURN_TYPE = YES_ERROR;
				GCC_WARN_UNDECLARED_SELECTOR = YES;
				GCC_WARN_UNINITIALIZED_AUTOS = YES_AGGRESSIVE;
				GCC_WARN_UNUSED_FUNCTION = YES;
				GCC_WARN_UNUSED_VARIABLE = YES;
				MACOSX_DEPLOYMENT_TARGET = 10.10;
				MTL_ENABLE_DEBUG_INFO = YES;
				ONLY_ACTIVE_ARCH = YES;
				SDKROOT = macosx;
			};
			name = Debug;
		};
		CB5DC9FE1A1582B4004D3949 /* Release */ = {
			isa = XCBuildConfiguration;
			buildSettings = {
				ALWAYS_SEARCH_USER_PATHS = NO;
				CLANG_CXX_LANGUAGE_STANDARD = "gnu++0x";
				CLANG_CXX_LIBRARY = "libc++";
				CLANG_ENABLE_MODULES = YES;
				CLANG_ENABLE_OBJC_ARC = YES;
				CLANG_WARN_BOOL_CONVERSION = YES;
				CLANG_WARN_CONSTANT_CONVERSION = YES;
				CLANG_WARN_DIRECT_OBJC_ISA_USAGE = YES_ERROR;
				CLANG_WARN_EMPTY_BODY = YES;
				CLANG_WARN_ENUM_CONVERSION = YES;
				CLANG_WARN_INT_CONVERSION = YES;
				CLANG_WARN_OBJC_ROOT_CLASS = YES_ERROR;
				CLANG_WARN_UNREACHABLE_CODE = YES;
				CLANG_WARN__DUPLICATE_METHOD_MATCH = YES;
				COPY_PHASE_STRIP = YES;
				DEBUG_INFORMATION_FORMAT = "dwarf-with-dsym";
				ENABLE_NS_ASSERTIONS = NO;
				ENABLE_STRICT_OBJC_MSGSEND = YES;
				GCC_C_LANGUAGE_STANDARD = gnu99;
				GCC_WARN_64_TO_32_BIT_CONVERSION = YES;
				GCC_WARN_ABOUT_RETURN_TYPE = YES_ERROR;
				GCC_WARN_UNDECLARED_SELECTOR = YES;
				GCC_WARN_UNINITIALIZED_AUTOS = YES_AGGRESSIVE;
				GCC_WARN_UNUSED_FUNCTION = YES;
				GCC_WARN_UNUSED_VARIABLE = YES;
				MACOSX_DEPLOYMENT_TARGET = 10.10;
				MTL_ENABLE_DEBUG_INFO = NO;
				SDKROOT = macosx;
			};
			name = Release;
		};
		CB5DCA001A1582B4004D3949 /* Debug */ = {
			isa = XCBuildConfiguration;
			buildSettings = {
				PRODUCT_NAME = "$(TARGET_NAME)";
			};
			name = Debug;
		};
		CB5DCA011A1582B4004D3949 /* Release */ = {
			isa = XCBuildConfiguration;
			buildSettings = {
				PRODUCT_NAME = "$(TARGET_NAME)";
			};
			name = Release;
		};
/* End XCBuildConfiguration section */

/* Begin XCConfigurationList section */
		CB5DC9F31A1582B4004D3949 /* Build configuration list for PBXProject "Algorithms" */ = {
			isa = XCConfigurationList;
			buildConfigurations = (
				CB5DC9FD1A1582B4004D3949 /* Debug */,
				CB5DC9FE1A1582B4004D3949 /* Release */,
			);
			defaultConfigurationIsVisible = 0;
			defaultConfigurationName = Release;
		};
		CB5DC9FF1A1582B4004D3949 /* Build configuration list for PBXNativeTarget "Algorithms" */ = {
			isa = XCConfigurationList;
			buildConfigurations = (
				CB5DCA001A1582B4004D3949 /* Debug */,
				CB5DCA011A1582B4004D3949 /* Release */,
			);
			defaultConfigurationIsVisible = 0;
		};
/* End XCConfigurationList section */
	};
	rootObject = CB5DC9F01A1582B4004D3949 /* Project object */;
}
